
Microsoft Visual Studio Solution File, Format Version 12.00
# Visual Studio 15
VisualStudioVersion = 15.0.27703.2042
MinimumVisualStudioVersion = 10.0.40219.1
Project("{FAE04EC0-301F-11D3-BF4B-00C04F79EFBC}") = "KsenesGlosses", "KsenesGlosses\KsenesGlosses.csproj", "{374AB0B2-C823-43F1-ACBB-0B24F9DF759C}"
EndProject
Global
	GlobalSection(SolutionConfigurationPlatforms) = preSolution
		Debug|Any CPU = Debug|Any CPU
		Release|Any CPU = Release|Any CPU
	EndGlobalSection
	GlobalSection(ProjectConfigurationPlatforms) = postSolution
		{374AB0B2-C823-43F1-ACBB-0B24F9DF759C}.Debug|Any CPU.ActiveCfg = Debug|Any CPU
		{374AB0B2-C823-43F1-ACBB-0B24F9DF759C}.Debug|Any CPU.Build.0 = Debug|Any CPU
		{374AB0B2-C823-43F1-ACBB-0B24F9DF759C}.Release|Any CPU.ActiveCfg = Release|Any CPU
		{374AB0B2-C823-43F1-ACBB-0B24F9DF759C}.Release|Any CPU.Build.0 = Release|Any CPU
	EndGlobalSection
	GlobalSection(SolutionProperties) = preSolution
		HideSolutionNode = FALSE
	EndGlobalSection
	GlobalSection(ExtensibilityGlobals) = postSolution
		SolutionGuid = {E2BE4E43-CD24-4E8E-B011-8C1D27DE393E}
	EndGlobalSection
EndGlobal
