
Microsoft Visual Studio Solution File, Format Version 12.00
# Visual Studio 15
VisualStudioVersion = 15.0.28010.2048
MinimumVisualStudioVersion = 10.0.40219.1
Project("{FAE04EC0-301F-11D3-BF4B-00C04F79EFBC}") = "WindowsFormsApp3", "WindowsFormsApp3\WindowsFormsApp3.csproj", "{F9F417A0-FD26-4E99-80B2-4640CC7B390F}"
EndProject
Global
	GlobalSection(SolutionConfigurationPlatforms) = preSolution
		Debug|Any CPU = Debug|Any CPU
		Release|Any CPU = Release|Any CPU
	EndGlobalSection
	GlobalSection(ProjectConfigurationPlatforms) = postSolution
		{F9F417A0-FD26-4E99-80B2-4640CC7B390F}.Debug|Any CPU.ActiveCfg = Debug|Any CPU
		{F9F417A0-FD26-4E99-80B2-4640CC7B390F}.Debug|Any CPU.Build.0 = Debug|Any CPU
		{F9F417A0-FD26-4E99-80B2-4640CC7B390F}.Release|Any CPU.ActiveCfg = Release|Any CPU
		{F9F417A0-FD26-4E99-80B2-4640CC7B390F}.Release|Any CPU.Build.0 = Release|Any CPU
	EndGlobalSection
	GlobalSection(SolutionProperties) = preSolution
		HideSolutionNode = FALSE
	EndGlobalSection
	GlobalSection(ExtensibilityGlobals) = postSolution
		SolutionGuid = {9A98DB13-D778-4508-812B-D9FE0BD1F9B2}
	EndGlobalSection
EndGlobal
